// !$*UTF8*$!
{
	archiveVersion = 1;
	classes = {
	};
	objectVersion = 46;
	objects = {

/* Begin PBXBuildFile section */
		500AC16F1A297F7A009BD736 /* Publink.swift in Sources */ = {isa = PBXBuildFile; fileRef = 500AC16E1A297F7A009BD736 /* Publink.swift */; };
		500AC1711A2C3C55009BD736 /* TouchPatch.swift in Sources */ = {isa = PBXBuildFile; fileRef = 500AC1701A2C3C55009BD736 /* TouchPatch.swift */; };
		50D521061A2963EB00DD47B7 /* Patch.swift in Sources */ = {isa = PBXBuildFile; fileRef = 50D521051A2963EB00DD47B7 /* Patch.swift */; };
		50F01DF91A254D4800D3F64E /* AppDelegate.swift in Sources */ = {isa = PBXBuildFile; fileRef = 50F01DF81A254D4800D3F64E /* AppDelegate.swift */; };
		50F01DFB1A254D4800D3F64E /* ViewController.swift in Sources */ = {isa = PBXBuildFile; fileRef = 50F01DFA1A254D4800D3F64E /* ViewController.swift */; };
		50F01DFE1A254D4800D3F64E /* Main.storyboard in Resources */ = {isa = PBXBuildFile; fileRef = 50F01DFC1A254D4800D3F64E /* Main.storyboard */; };
		50F01E001A254D4800D3F64E /* Images.xcassets in Resources */ = {isa = PBXBuildFile; fileRef = 50F01DFF1A254D4800D3F64E /* Images.xcassets */; };
		50F01E031A254D4800D3F64E /* LaunchScreen.xib in Resources */ = {isa = PBXBuildFile; fileRef = 50F01E011A254D4800D3F64E /* LaunchScreen.xib */; };
		50F01E0F1A254D4800D3F64E /* WolfTests.swift in Sources */ = {isa = PBXBuildFile; fileRef = 50F01E0E1A254D4800D3F64E /* WolfTests.swift */; };
		50F01E191A254DCA00D3F64E /* ViewPatch.swift in Sources */ = {isa = PBXBuildFile; fileRef = 50F01E181A254DCA00D3F64E /* ViewPatch.swift */; };
/* End PBXBuildFile section */

/* Begin PBXContainerItemProxy section */
		50F01E091A254D4800D3F64E /* PBXContainerItemProxy */ = {
			isa = PBXContainerItemProxy;
			containerPortal = 50F01DEB1A254D4800D3F64E /* Project object */;
			proxyType = 1;
			remoteGlobalIDString = 50F01DF21A254D4800D3F64E;
			remoteInfo = Wolf;
		};
/* End PBXContainerItemProxy section */

/* Begin PBXFileReference section */
		500AC16E1A297F7A009BD736 /* Publink.swift */ = {isa = PBXFileReference; fileEncoding = 4; lastKnownFileType = sourcecode.swift; name = Publink.swift; path = Publinks/src/Publink.swift; sourceTree = "<group>"; };
		500AC1701A2C3C55009BD736 /* TouchPatch.swift */ = {isa = PBXFileReference; fileEncoding = 4; lastKnownFileType = sourcecode.swift; path = TouchPatch.swift; sourceTree = "<group>"; };
		50D521051A2963EB00DD47B7 /* Patch.swift */ = {isa = PBXFileReference; fileEncoding = 4; lastKnownFileType = sourcecode.swift; path = Patch.swift; sourceTree = "<group>"; };
		50F01DF31A254D4800D3F64E /* Wolf.app */ = {isa = PBXFileReference; explicitFileType = wrapper.application; includeInIndex = 0; path = Wolf.app; sourceTree = BUILT_PRODUCTS_DIR; };
		50F01DF71A254D4800D3F64E /* Info.plist */ = {isa = PBXFileReference; lastKnownFileType = text.plist.xml; path = Info.plist; sourceTree = "<group>"; };
		50F01DF81A254D4800D3F64E /* AppDelegate.swift */ = {isa = PBXFileReference; lastKnownFileType = sourcecode.swift; path = AppDelegate.swift; sourceTree = "<group>"; };
		50F01DFA1A254D4800D3F64E /* ViewController.swift */ = {isa = PBXFileReference; lastKnownFileType = sourcecode.swift; path = ViewController.swift; sourceTree = "<group>"; };
		50F01DFD1A254D4800D3F64E /* Base */ = {isa = PBXFileReference; lastKnownFileType = file.storyboard; name = Base; path = Base.lproj/Main.storyboard; sourceTree = "<group>"; };
		50F01DFF1A254D4800D3F64E /* Images.xcassets */ = {isa = PBXFileReference; lastKnownFileType = folder.assetcatalog; path = Images.xcassets; sourceTree = "<group>"; };
		50F01E021A254D4800D3F64E /* Base */ = {isa = PBXFileReference; lastKnownFileType = file.xib; name = Base; path = Base.lproj/LaunchScreen.xib; sourceTree = "<group>"; };
		50F01E081A254D4800D3F64E /* WolfTests.xctest */ = {isa = PBXFileReference; explicitFileType = wrapper.cfbundle; includeInIndex = 0; path = WolfTests.xctest; sourceTree = BUILT_PRODUCTS_DIR; };
		50F01E0D1A254D4800D3F64E /* Info.plist */ = {isa = PBXFileReference; lastKnownFileType = text.plist.xml; path = Info.plist; sourceTree = "<group>"; };
		50F01E0E1A254D4800D3F64E /* WolfTests.swift */ = {isa = PBXFileReference; lastKnownFileType = sourcecode.swift; path = WolfTests.swift; sourceTree = "<group>"; };
		50F01E181A254DCA00D3F64E /* ViewPatch.swift */ = {isa = PBXFileReference; fileEncoding = 4; lastKnownFileType = sourcecode.swift; path = ViewPatch.swift; sourceTree = "<group>"; };
		50F01E1A1A25551A00D3F64E /* MyPlayground.playground */ = {isa = PBXFileReference; lastKnownFileType = file.playground; path = MyPlayground.playground; sourceTree = "<group>"; };
/* End PBXFileReference section */

/* Begin PBXFrameworksBuildPhase section */
		50F01DF01A254D4800D3F64E /* Frameworks */ = {
			isa = PBXFrameworksBuildPhase;
			buildActionMask = 2147483647;
			files = (
			);
			runOnlyForDeploymentPostprocessing = 0;
		};
		50F01E051A254D4800D3F64E /* Frameworks */ = {
			isa = PBXFrameworksBuildPhase;
			buildActionMask = 2147483647;
			files = (
			);
			runOnlyForDeploymentPostprocessing = 0;
		};
/* End PBXFrameworksBuildPhase section */

/* Begin PBXGroup section */
		50F01DEA1A254D4800D3F64E = {
			isa = PBXGroup;
			children = (
				50F01DF51A254D4800D3F64E /* Wolf */,
				50F01E0B1A254D4800D3F64E /* WolfTests */,
				50F01DF41A254D4800D3F64E /* Products */,
			);
			sourceTree = "<group>";
		};
		50F01DF41A254D4800D3F64E /* Products */ = {
			isa = PBXGroup;
			children = (
				50F01DF31A254D4800D3F64E /* Wolf.app */,
				50F01E081A254D4800D3F64E /* WolfTests.xctest */,
			);
			name = Products;
			sourceTree = "<group>";
		};
		50F01DF51A254D4800D3F64E /* Wolf */ = {
			isa = PBXGroup;
			children = (
				50F01DF81A254D4800D3F64E /* AppDelegate.swift */,
				50F01DFA1A254D4800D3F64E /* ViewController.swift */,
				50F01E181A254DCA00D3F64E /* ViewPatch.swift */,
				50D521051A2963EB00DD47B7 /* Patch.swift */,
				500AC16E1A297F7A009BD736 /* Publink.swift */,
				500AC1701A2C3C55009BD736 /* TouchPatch.swift */,
				50F01E1A1A25551A00D3F64E /* MyPlayground.playground */,
				50F01DFC1A254D4800D3F64E /* Main.storyboard */,
				50F01DFF1A254D4800D3F64E /* Images.xcassets */,
				50F01E011A254D4800D3F64E /* LaunchScreen.xib */,
				50F01DF61A254D4800D3F64E /* Supporting Files */,
			);
			path = Wolf;
			sourceTree = "<group>";
		};
		50F01DF61A254D4800D3F64E /* Supporting Files */ = {
			isa = PBXGroup;
			children = (
				50F01DF71A254D4800D3F64E /* Info.plist */,
			);
			name = "Supporting Files";
			sourceTree = "<group>";
		};
		50F01E0B1A254D4800D3F64E /* WolfTests */ = {
			isa = PBXGroup;
			children = (
				50F01E0E1A254D4800D3F64E /* WolfTests.swift */,
				50F01E0C1A254D4800D3F64E /* Supporting Files */,
			);
			path = WolfTests;
			sourceTree = "<group>";
		};
		50F01E0C1A254D4800D3F64E /* Supporting Files */ = {
			isa = PBXGroup;
			children = (
				50F01E0D1A254D4800D3F64E /* Info.plist */,
			);
			name = "Supporting Files";
			sourceTree = "<group>";
		};
/* End PBXGroup section */

/* Begin PBXNativeTarget section */
		50F01DF21A254D4800D3F64E /* Wolf */ = {
			isa = PBXNativeTarget;
			buildConfigurationList = 50F01E121A254D4800D3F64E /* Build configuration list for PBXNativeTarget "Wolf" */;
			buildPhases = (
				50F01DEF1A254D4800D3F64E /* Sources */,
				50F01DF01A254D4800D3F64E /* Frameworks */,
				50F01DF11A254D4800D3F64E /* Resources */,
			);
			buildRules = (
			);
			dependencies = (
			);
			name = Wolf;
			productName = Wolf;
			productReference = 50F01DF31A254D4800D3F64E /* Wolf.app */;
			productType = "com.apple.product-type.application";
		};
		50F01E071A254D4800D3F64E /* WolfTests */ = {
			isa = PBXNativeTarget;
			buildConfigurationList = 50F01E151A254D4800D3F64E /* Build configuration list for PBXNativeTarget "WolfTests" */;
			buildPhases = (
				50F01E041A254D4800D3F64E /* Sources */,
				50F01E051A254D4800D3F64E /* Frameworks */,
				50F01E061A254D4800D3F64E /* Resources */,
			);
			buildRules = (
			);
			dependencies = (
				50F01E0A1A254D4800D3F64E /* PBXTargetDependency */,
			);
			name = WolfTests;
			productName = WolfTests;
			productReference = 50F01E081A254D4800D3F64E /* WolfTests.xctest */;
			productType = "com.apple.product-type.bundle.unit-test";
		};
/* End PBXNativeTarget section */

/* Begin PBXProject section */
		50F01DEB1A254D4800D3F64E /* Project object */ = {
			isa = PBXProject;
			attributes = {
				LastUpgradeCheck = 0610;
				ORGANIZATIONNAME = "Giles Van Gruisen";
				TargetAttributes = {
					50F01DF21A254D4800D3F64E = {
						CreatedOnToolsVersion = 6.1;
					};
					50F01E071A254D4800D3F64E = {
						CreatedOnToolsVersion = 6.1;
						TestTargetID = 50F01DF21A254D4800D3F64E;
					};
				};
			};
			buildConfigurationList = 50F01DEE1A254D4800D3F64E /* Build configuration list for PBXProject "Wolf" */;
			compatibilityVersion = "Xcode 3.2";
			developmentRegion = English;
			hasScannedForEncodings = 0;
			knownRegions = (
				en,
				Base,
			);
			mainGroup = 50F01DEA1A254D4800D3F64E;
			productRefGroup = 50F01DF41A254D4800D3F64E /* Products */;
			projectDirPath = "";
			projectRoot = "";
			targets = (
				50F01DF21A254D4800D3F64E /* Wolf */,
				50F01E071A254D4800D3F64E /* WolfTests */,
			);
		};
/* End PBXProject section */

/* Begin PBXResourcesBuildPhase section */
		50F01DF11A254D4800D3F64E /* Resources */ = {
			isa = PBXResourcesBuildPhase;
			buildActionMask = 2147483647;
			files = (
				50F01DFE1A254D4800D3F64E /* Main.storyboard in Resources */,
				50F01E031A254D4800D3F64E /* LaunchScreen.xib in Resources */,
				50F01E001A254D4800D3F64E /* Images.xcassets in Resources */,
			);
			runOnlyForDeploymentPostprocessing = 0;
		};
		50F01E061A254D4800D3F64E /* Resources */ = {
			isa = PBXResourcesBuildPhase;
			buildActionMask = 2147483647;
			files = (
			);
			runOnlyForDeploymentPostprocessing = 0;
		};
/* End PBXResourcesBuildPhase section */

/* Begin PBXSourcesBuildPhase section */
		50F01DEF1A254D4800D3F64E /* Sources */ = {
			isa = PBXSourcesBuildPhase;
			buildActionMask = 2147483647;
			files = (
				50F01DFB1A254D4800D3F64E /* ViewController.swift in Sources */,
				50F01DF91A254D4800D3F64E /* AppDelegate.swift in Sources */,
				500AC1711A2C3C55009BD736 /* TouchPatch.swift in Sources */,
				500AC16F1A297F7A009BD736 /* Publink.swift in Sources */,
				50D521061A2963EB00DD47B7 /* Patch.swift in Sources */,
				50F01E191A254DCA00D3F64E /* ViewPatch.swift in Sources */,
			);
			runOnlyForDeploymentPostprocessing = 0;
		};
		50F01E041A254D4800D3F64E /* Sources */ = {
			isa = PBXSourcesBuildPhase;
			buildActionMask = 2147483647;
			files = (
				50F01E0F1A254D4800D3F64E /* WolfTests.swift in Sources */,
			);
			runOnlyForDeploymentPostprocessing = 0;
		};
/* End PBXSourcesBuildPhase section */

/* Begin PBXTargetDependency section */
		50F01E0A1A254D4800D3F64E /* PBXTargetDependency */ = {
			isa = PBXTargetDependency;
			target = 50F01DF21A254D4800D3F64E /* Wolf */;
			targetProxy = 50F01E091A254D4800D3F64E /* PBXContainerItemProxy */;
		};
/* End PBXTargetDependency section */

/* Begin PBXVariantGroup section */
		50F01DFC1A254D4800D3F64E /* Main.storyboard */ = {
			isa = PBXVariantGroup;
			children = (
				50F01DFD1A254D4800D3F64E /* Base */,
			);
			name = Main.storyboard;
			sourceTree = "<group>";
		};
		50F01E011A254D4800D3F64E /* LaunchScreen.xib */ = {
			isa = PBXVariantGroup;
			children = (
				50F01E021A254D4800D3F64E /* Base */,
			);
			name = LaunchScreen.xib;
			sourceTree = "<group>";
		};
/* End PBXVariantGroup section */

/* Begin XCBuildConfiguration section */
		50F01E101A254D4800D3F64E /* Debug */ = {
			isa = XCBuildConfiguration;
			buildSettings = {
				ALWAYS_SEARCH_USER_PATHS = NO;
				CLANG_CXX_LANGUAGE_STANDARD = "gnu++0x";
				CLANG_CXX_LIBRARY = "libc++";
				CLANG_ENABLE_MODULES = YES;
				CLANG_ENABLE_OBJC_ARC = YES;
				CLANG_WARN_BOOL_CONVERSION = YES;
				CLANG_WARN_CONSTANT_CONVERSION = YES;
				CLANG_WARN_DIRECT_OBJC_ISA_USAGE = YES_ERROR;
				CLANG_WARN_EMPTY_BODY = YES;
				CLANG_WARN_ENUM_CONVERSION = YES;
				CLANG_WARN_INT_CONVERSION = YES;
				CLANG_WARN_OBJC_ROOT_CLASS = YES_ERROR;
				CLANG_WARN_UNREACHABLE_CODE = YES;
				CLANG_WARN__DUPLICATE_METHOD_MATCH = YES;
				"CODE_SIGN_IDENTITY[sdk=iphoneos*]" = "iPhone Developer";
				COPY_PHASE_STRIP = NO;
				ENABLE_STRICT_OBJC_MSGSEND = YES;
				GCC_C_LANGUAGE_STANDARD = gnu99;
				GCC_DYNAMIC_NO_PIC = NO;
				GCC_OPTIMIZATION_LEVEL = 0;
				GCC_PREPROCESSOR_DEFINITIONS = (
					"DEBUG=1",
					"$(inherited)",
				);
				GCC_SYMBOLS_PRIVATE_EXTERN = NO;
				GCC_WARN_64_TO_32_BIT_CONVERSION = YES;
				GCC_WARN_ABOUT_RETURN_TYPE = YES_ERROR;
				GCC_WARN_UNDECLARED_SELECTOR = YES;
				GCC_WARN_UNINITIALIZED_AUTOS = YES_AGGRESSIVE;
				GCC_WARN_UNUSED_FUNCTION = YES;
				GCC_WARN_UNUSED_VARIABLE = YES;
				IPHONEOS_DEPLOYMENT_TARGET = 8.1;
				MTL_ENABLE_DEBUG_INFO = YES;
				ONLY_ACTIVE_ARCH = YES;
				SDKROOT = iphoneos;
				SWIFT_OPTIMIZATION_LEVEL = "-Onone";
			};
			name = Debug;
		};
		50F01E111A254D4800D3F64E /* Release */ = {
			isa = XCBuildConfiguration;
			buildSettings = {
				ALWAYS_SEARCH_USER_PATHS = NO;
				CLANG_CXX_LANGUAGE_STANDARD = "gnu++0x";
				CLANG_CXX_LIBRARY = "libc++";
				CLANG_ENABLE_MODULES = YES;
				CLANG_ENABLE_OBJC_ARC = YES;
				CLANG_WARN_BOOL_CONVERSION = YES;
				CLANG_WARN_CONSTANT_CONVERSION = YES;
				CLANG_WARN_DIRECT_OBJC_ISA_USAGE = YES_ERROR;
				CLANG_WARN_EMPTY_BODY = YES;
				CLANG_WARN_ENUM_CONVERSION = YES;
				CLANG_WARN_INT_CONVERSION = YES;
				CLANG_WARN_OBJC_ROOT_CLASS = YES_ERROR;
				CLANG_WARN_UNREACHABLE_CODE = YES;
				CLANG_WARN__DUPLICATE_METHOD_MATCH = YES;
				"CODE_SIGN_IDENTITY[sdk=iphoneos*]" = "iPhone Developer";
				COPY_PHASE_STRIP = YES;
				ENABLE_NS_ASSERTIONS = NO;
				ENABLE_STRICT_OBJC_MSGSEND = YES;
				GCC_C_LANGUAGE_STANDARD = gnu99;
				GCC_WARN_64_TO_32_BIT_CONVERSION = YES;
				GCC_WARN_ABOUT_RETURN_TYPE = YES_ERROR;
				GCC_WARN_UNDECLARED_SELECTOR = YES;
				GCC_WARN_UNINITIALIZED_AUTOS = YES_AGGRESSIVE;
				GCC_WARN_UNUSED_FUNCTION = YES;
				GCC_WARN_UNUSED_VARIABLE = YES;
				IPHONEOS_DEPLOYMENT_TARGET = 8.1;
				MTL_ENABLE_DEBUG_INFO = NO;
				SDKROOT = iphoneos;
				VALIDATE_PRODUCT = YES;
			};
			name = Release;
		};
		50F01E131A254D4800D3F64E /* Debug */ = {
			isa = XCBuildConfiguration;
			buildSettings = {
				ASSETCATALOG_COMPILER_APPICON_NAME = AppIcon;
				INFOPLIST_FILE = Wolf/Info.plist;
				LD_RUNPATH_SEARCH_PATHS = "$(inherited) @executable_path/Frameworks";
				PRODUCT_NAME = "$(TARGET_NAME)";
			};
			name = Debug;
		};
		50F01E141A254D4800D3F64E /* Release */ = {
			isa = XCBuildConfiguration;
			buildSettings = {
				ASSETCATALOG_COMPILER_APPICON_NAME = AppIcon;
				INFOPLIST_FILE = Wolf/Info.plist;
				LD_RUNPATH_SEARCH_PATHS = "$(inherited) @executable_path/Frameworks";
				PRODUCT_NAME = "$(TARGET_NAME)";
			};
			name = Release;
		};
		50F01E161A254D4800D3F64E /* Debug */ = {
			isa = XCBuildConfiguration;
			buildSettings = {
				BUNDLE_LOADER = "$(TEST_HOST)";
				FRAMEWORK_SEARCH_PATHS = (
					"$(SDKROOT)/Developer/Library/Frameworks",
					"$(inherited)",
				);
				GCC_PREPROCESSOR_DEFINITIONS = (
					"DEBUG=1",
					"$(inherited)",
				);
				INFOPLIST_FILE = WolfTests/Info.plist;
				LD_RUNPATH_SEARCH_PATHS = "$(inherited) @executable_path/Frameworks @loader_path/Frameworks";
				PRODUCT_NAME = "$(TARGET_NAME)";
				TEST_HOST = "$(BUILT_PRODUCTS_DIR)/Wolf.app/Wolf";
			};
			name = Debug;
		};
		50F01E171A254D4800D3F64E /* Release */ = {
			isa = XCBuildConfiguration;
			buildSettings = {
				BUNDLE_LOADER = "$(TEST_HOST)";
				FRAMEWORK_SEARCH_PATHS = (
					"$(SDKROOT)/Developer/Library/Frameworks",
					"$(inherited)",
				);
				INFOPLIST_FILE = WolfTests/Info.plist;
				LD_RUNPATH_SEARCH_PATHS = "$(inherited) @executable_path/Frameworks @loader_path/Frameworks";
				PRODUCT_NAME = "$(TARGET_NAME)";
				TEST_HOST = "$(BUILT_PRODUCTS_DIR)/Wolf.app/Wolf";
			};
			name = Release;
		};
/* End XCBuildConfiguration section */

/* Begin XCConfigurationList section */
		50F01DEE1A254D4800D3F64E /* Build configuration list for PBXProject "Wolf" */ = {
			isa = XCConfigurationList;
			buildConfigurations = (
				50F01E101A254D4800D3F64E /* Debug */,
				50F01E111A254D4800D3F64E /* Release */,
			);
			defaultConfigurationIsVisible = 0;
			defaultConfigurationName = Release;
		};
		50F01E121A254D4800D3F64E /* Build configuration list for PBXNativeTarget "Wolf" */ = {
			isa = XCConfigurationList;
			buildConfigurations = (
				50F01E131A254D4800D3F64E /* Debug */,
				50F01E141A254D4800D3F64E /* Release */,
			);
			defaultConfigurationIsVisible = 0;
			defaultConfigurationName = Release;
		};
		50F01E151A254D4800D3F64E /* Build configuration list for PBXNativeTarget "WolfTests" */ = {
			isa = XCConfigurationList;
			buildConfigurations = (
				50F01E161A254D4800D3F64E /* Debug */,
				50F01E171A254D4800D3F64E /* Release */,
			);
			defaultConfigurationIsVisible = 0;
			defaultConfigurationName = Release;
		};
/* End XCConfigurationList section */
	};
	rootObject = 50F01DEB1A254D4800D3F64E /* Project object */;
}
